
Microsoft Visual Studio Solution File, Format Version 12.00
# Visual Studio Version 17
VisualStudioVersion = 17.1.32421.90
MinimumVisualStudioVersion = 10.0.40219.1
Project("{9A19103F-16F7-4668-BE54-9A1E7A4F7556}") = "software", "test_yoox\software.csproj", "{715A9690-5331-49A7-8D56-2C5D740E3EED}"
EndProject
Project("{FAE04EC0-301F-11D3-BF4B-00C04F79EFBC}") = "testing", "testing\testing.csproj", "{274AFC15-5D20-4D2B-BFDA-196729F432D6}"
EndProject
Global
	GlobalSection(SolutionConfigurationPlatforms) = preSolution
		Debug|Any CPU = Debug|Any CPU
		Release|Any CPU = Release|Any CPU
	EndGlobalSection
	GlobalSection(ProjectConfigurationPlatforms) = postSolution
		{715A9690-5331-49A7-8D56-2C5D740E3EED}.Debug|Any CPU.ActiveCfg = Debug|Any CPU
		{715A9690-5331-49A7-8D56-2C5D740E3EED}.Debug|Any CPU.Build.0 = Debug|Any CPU
		{715A9690-5331-49A7-8D56-2C5D740E3EED}.Release|Any CPU.ActiveCfg = Release|Any CPU
		{715A9690-5331-49A7-8D56-2C5D740E3EED}.Release|Any CPU.Build.0 = Release|Any CPU
		{274AFC15-5D20-4D2B-BFDA-196729F432D6}.Debug|Any CPU.ActiveCfg = Debug|Any CPU
		{274AFC15-5D20-4D2B-BFDA-196729F432D6}.Debug|Any CPU.Build.0 = Debug|Any CPU
		{274AFC15-5D20-4D2B-BFDA-196729F432D6}.Release|Any CPU.ActiveCfg = Release|Any CPU
		{274AFC15-5D20-4D2B-BFDA-196729F432D6}.Release|Any CPU.Build.0 = Release|Any CPU
	EndGlobalSection
	GlobalSection(SolutionProperties) = preSolution
		HideSolutionNode = FALSE
	EndGlobalSection
	GlobalSection(ExtensibilityGlobals) = postSolution
		SolutionGuid = {324833E1-CBDB-4B45-B1B8-287EFE902ED2}
	EndGlobalSection
EndGlobal
